
Microsoft Visual Studio Solution File, Format Version 12.00
# Visual Studio 14
VisualStudioVersion = 14.0.25420.1
MinimumVisualStudioVersion = 10.0.40219.1
Project("{FAE04EC0-301F-11D3-BF4B-00C04F79EFBC}") = "WebsiteManagement", "WebsiteManagement\WebsiteManagement.csproj", "{43214E40-6176-4E86-B425-D411A4D03463}"
EndProject
Project("{FAE04EC0-301F-11D3-BF4B-00C04F79EFBC}") = "WebsiteManagement.Tests", "WebsiteManagement.Tests\WebsiteManagement.Tests.csproj", "{9D281B6B-B32A-422F-BB41-304391B80C0F}"
EndProject
Global
	GlobalSection(SolutionConfigurationPlatforms) = preSolution
		Debug|Any CPU = Debug|Any CPU
		Release|Any CPU = Release|Any CPU
	EndGlobalSection
	GlobalSection(ProjectConfigurationPlatforms) = postSolution
		{43214E40-6176-4E86-B425-D411A4D03463}.Debug|Any CPU.ActiveCfg = Debug|Any CPU
		{43214E40-6176-4E86-B425-D411A4D03463}.Debug|Any CPU.Build.0 = Debug|Any CPU
		{43214E40-6176-4E86-B425-D411A4D03463}.Release|Any CPU.ActiveCfg = Release|Any CPU
		{43214E40-6176-4E86-B425-D411A4D03463}.Release|Any CPU.Build.0 = Release|Any CPU
		{9D281B6B-B32A-422F-BB41-304391B80C0F}.Debug|Any CPU.ActiveCfg = Debug|Any CPU
		{9D281B6B-B32A-422F-BB41-304391B80C0F}.Debug|Any CPU.Build.0 = Debug|Any CPU
		{9D281B6B-B32A-422F-BB41-304391B80C0F}.Release|Any CPU.ActiveCfg = Release|Any CPU
		{9D281B6B-B32A-422F-BB41-304391B80C0F}.Release|Any CPU.Build.0 = Release|Any CPU
	EndGlobalSection
	GlobalSection(SolutionProperties) = preSolution
		HideSolutionNode = FALSE
	EndGlobalSection
EndGlobal
